// !$*UTF8*$!
{
	archiveVersion = 1;
	classes = {
	};
	objectVersion = 46;
	objects = {

/* Begin PBXBuildFile section */
		3201088596B4756681693705 /* libThree20UICommon.a in Frameworks */ = {isa = PBXBuildFile; fileRef = 3201088596B4756681693704 /* libThree20UICommon.a */; };
		320A2827FEC940B25BC42C65 /* libThree20Core.a in Frameworks */ = {isa = PBXBuildFile; fileRef = 320A2827FEC940B25BC42C64 /* libThree20Core.a */; };
		320A5A189C235877202780D5 /* libThree20Network.a in Frameworks */ = {isa = PBXBuildFile; fileRef = 320A5A189C235877202780D4 /* libThree20Network.a */; };
		320A737074758E53BA54BE95 /* libThree20UINavigator.a in Frameworks */ = {isa = PBXBuildFile; fileRef = 320A737074758E53BA54BE94 /* libThree20UINavigator.a */; };
		320AF8492C47A4D819F7C451 /* QuartzCore.framework in Frameworks */ = {isa = PBXBuildFile; fileRef = 320AF8492C47A4D819F7C450 /* QuartzCore.framework */; };
		320B6C86F11D9990244A9731 /* Three20.bundle in Resources */ = {isa = PBXBuildFile; fileRef = 320B6C86F11D9990244A9730 /* Three20.bundle */; };
		320CC833B8AF0ACFD35E6225 /* libThree20Style.a in Frameworks */ = {isa = PBXBuildFile; fileRef = 320CC833B8AF0ACFD35E6224 /* libThree20Style.a */; };
		320D7DCCE32703ACAB9A45E5 /* libThree20.a in Frameworks */ = {isa = PBXBuildFile; fileRef = 320D7DCCE32703ACAB9A45E4 /* libThree20.a */; };
		320F2C48872C2E2C4DF86205 /* libThree20UI.a in Frameworks */ = {isa = PBXBuildFile; fileRef = 320F2C48872C2E2C4DF86204 /* libThree20UI.a */; };
		4921A4DE15A2DEAF0006F75F /* assets in Resources */ = {isa = PBXBuildFile; fileRef = 4921A4DD15A2DEAF0006F75F /* assets */; };
		4921A4E115A300A90006F75F /* Icon.png in Resources */ = {isa = PBXBuildFile; fileRef = 4921A4DF15A300A90006F75F /* Icon.png */; };
		4921A4E215A300A90006F75F /* Icon@2x.png in Resources */ = {isa = PBXBuildFile; fileRef = 4921A4E015A300A90006F75F /* Icon@2x.png */; };
		494F54F015A4052F0028B499 /* AwayDayHotelViewController.m in Sources */ = {isa = PBXBuildFile; fileRef = 494F54EF15A4052F0028B499 /* AwayDayHotelViewController.m */; };
		494F558D15A5E2D70028B499 /* iAd.framework in Frameworks */ = {isa = PBXBuildFile; fileRef = 494F558C15A5E2D70028B499 /* iAd.framework */; };
		494F559015A7EEDC0028B499 /* Photo.m in Sources */ = {isa = PBXBuildFile; fileRef = 494F558F15A7EEDC0028B499 /* Photo.m */; };
		49971A2015A2DA0200AF6496 /* UIKit.framework in Frameworks */ = {isa = PBXBuildFile; fileRef = 49971A1F15A2DA0200AF6496 /* UIKit.framework */; };
		49971A2215A2DA0200AF6496 /* Foundation.framework in Frameworks */ = {isa = PBXBuildFile; fileRef = 49971A2115A2DA0200AF6496 /* Foundation.framework */; };
		49971A2415A2DA0200AF6496 /* CoreGraphics.framework in Frameworks */ = {isa = PBXBuildFile; fileRef = 49971A2315A2DA0200AF6496 /* CoreGraphics.framework */; };
		49971A2A15A2DA0200AF6496 /* InfoPlist.strings in Resources */ = {isa = PBXBuildFile; fileRef = 49971A2815A2DA0200AF6496 /* InfoPlist.strings */; };
		49971A2C15A2DA0200AF6496 /* main.m in Sources */ = {isa = PBXBuildFile; fileRef = 49971A2B15A2DA0200AF6496 /* main.m */; };
		49971A3015A2DA0200AF6496 /* AwayDayAppDelegate.m in Sources */ = {isa = PBXBuildFile; fileRef = 49971A2F15A2DA0200AF6496 /* AwayDayAppDelegate.m */; };
		49971A3315A2DA0200AF6496 /* AwayDayAgendaViewController.m in Sources */ = {isa = PBXBuildFile; fileRef = 49971A3215A2DA0200AF6496 /* AwayDayAgendaViewController.m */; };
		49971A3A15A2DA0200AF6496 /* AwayDayLocationsViewController.m in Sources */ = {isa = PBXBuildFile; fileRef = 49971A3915A2DA0200AF6496 /* AwayDayLocationsViewController.m */; };
		49971A4115A2DA0200AF6496 /* AwayDayAgendaViewController.xib in Resources */ = {isa = PBXBuildFile; fileRef = 49971A3F15A2DA0200AF6496 /* AwayDayAgendaViewController.xib */; };
		49971A4415A2DA0200AF6496 /* AwayDayLocationsViewController.xib in Resources */ = {isa = PBXBuildFile; fileRef = 49971A4215A2DA0200AF6496 /* AwayDayLocationsViewController.xib */; };
		49971A4C15A2DA0200AF6496 /* SenTestingKit.framework in Frameworks */ = {isa = PBXBuildFile; fileRef = 49971A4B15A2DA0200AF6496 /* SenTestingKit.framework */; };
		49971A4D15A2DA0200AF6496 /* UIKit.framework in Frameworks */ = {isa = PBXBuildFile; fileRef = 49971A1F15A2DA0200AF6496 /* UIKit.framework */; };
		49971A4E15A2DA0200AF6496 /* Foundation.framework in Frameworks */ = {isa = PBXBuildFile; fileRef = 49971A2115A2DA0200AF6496 /* Foundation.framework */; };
		49971A5615A2DA0200AF6496 /* InfoPlist.strings in Resources */ = {isa = PBXBuildFile; fileRef = 49971A5415A2DA0200AF6496 /* InfoPlist.strings */; };
		49971A5915A2DA0200AF6496 /* MyAwayDayTests.m in Sources */ = {isa = PBXBuildFile; fileRef = 49971A5815A2DA0200AF6496 /* MyAwayDayTests.m */; };
		49A7E10D15A30DC500B69197 /* MapKit.framework in Frameworks */ = {isa = PBXBuildFile; fileRef = 49A7E10C15A30DC500B69197 /* MapKit.framework */; };
		49A7E11115A3136000B69197 /* MapAnnotation.m in Sources */ = {isa = PBXBuildFile; fileRef = 49A7E11015A3136000B69197 /* MapAnnotation.m */; };
		49A7E1D215A323DC00B69197 /* PhotoSet.m in Sources */ = {isa = PBXBuildFile; fileRef = 49A7E1D115A323DC00B69197 /* PhotoSet.m */; };
		49A7E1E515A325AA00B69197 /* PhotoViewController.m in Sources */ = {isa = PBXBuildFile; fileRef = 49A7E1E415A325AA00B69197 /* PhotoViewController.m */; };
		49B9A07C15AB20C1001DF265 /* photo@2x.png in Resources */ = {isa = PBXBuildFile; fileRef = 49B9A07A15AB20C1001DF265 /* photo@2x.png */; };
		49B9A07F15AB20DD001DF265 /* photo.png in Resources */ = {isa = PBXBuildFile; fileRef = 49B9A07E15AB20DD001DF265 /* photo.png */; };
		49B9A08215AB2148001DF265 /* flag.png in Resources */ = {isa = PBXBuildFile; fileRef = 49B9A08015AB2148001DF265 /* flag.png */; };
		49B9A08315AB2148001DF265 /* flag@2x.png in Resources */ = {isa = PBXBuildFile; fileRef = 49B9A08115AB2148001DF265 /* flag@2x.png */; };
		49B9A08615AB2242001DF265 /* paper_plane.png in Resources */ = {isa = PBXBuildFile; fileRef = 49B9A08415AB2242001DF265 /* paper_plane.png */; };
		49B9A08715AB2242001DF265 /* paper_plane@2x.png in Resources */ = {isa = PBXBuildFile; fileRef = 49B9A08515AB2242001DF265 /* paper_plane@2x.png */; };
/* End PBXBuildFile section */

/* Begin PBXContainerItemProxy section */
		3201088596B4756681693702 /* PBXContainerItemProxy */ = {
			isa = PBXContainerItemProxy;
			containerPortal = 3201088596B4756681693700 /* Three20UICommon.xcodeproj */;
			proxyType = 1;
			remoteGlobalIDString = BEF31F390F352DF5000DE5D2;
			remoteInfo = Three20UICommon;
		};
		3201088596B4756681693706 /* PBXContainerItemProxy */ = {
			isa = PBXContainerItemProxy;
			containerPortal = 3201088596B4756681693700 /* Three20UICommon.xcodeproj */;
			proxyType = 2;
			remoteGlobalIDString = BEF31F3A0F352DF5000DE5D2;
			remoteInfo = Three20UICommon;
		};
		320A2827FEC940B25BC42C62 /* PBXContainerItemProxy */ = {
			isa = PBXContainerItemProxy;
			containerPortal = 320A2827FEC940B25BC42C60 /* Three20Core.xcodeproj */;
			proxyType = 1;
			remoteGlobalIDString = BEF31F390F352DF5000DE5D2;
			remoteInfo = Three20Core;
		};
		320A2827FEC940B25BC42C66 /* PBXContainerItemProxy */ = {
			isa = PBXContainerItemProxy;
			containerPortal = 320A2827FEC940B25BC42C60 /* Three20Core.xcodeproj */;
			proxyType = 2;
			remoteGlobalIDString = BEF31F3A0F352DF5000DE5D2;
			remoteInfo = Three20Core;
		};
		320A5A189C235877202780D2 /* PBXContainerItemProxy */ = {
			isa = PBXContainerItemProxy;
			containerPortal = 320A5A189C235877202780D0 /* Three20Network.xcodeproj */;
			proxyType = 1;
			remoteGlobalIDString = BEF31F390F352DF5000DE5D2;
			remoteInfo = Three20Network;
		};
		320A5A189C235877202780D6 /* PBXContainerItemProxy */ = {
			isa = PBXContainerItemProxy;
			containerPortal = 320A5A189C235877202780D0 /* Three20Network.xcodeproj */;
			proxyType = 2;
			remoteGlobalIDString = BEF31F3A0F352DF5000DE5D2;
			remoteInfo = Three20Network;
		};
		320A737074758E53BA54BE92 /* PBXContainerItemProxy */ = {
			isa = PBXContainerItemProxy;
			containerPortal = 320A737074758E53BA54BE90 /* Three20UINavigator.xcodeproj */;
			proxyType = 1;
			remoteGlobalIDString = BEF31F390F352DF5000DE5D2;
			remoteInfo = Three20UINavigator;
		};
		320A737074758E53BA54BE96 /* PBXContainerItemProxy */ = {
			isa = PBXContainerItemProxy;
			containerPortal = 320A737074758E53BA54BE90 /* Three20UINavigator.xcodeproj */;
			proxyType = 2;
			remoteGlobalIDString = BEF31F3A0F352DF5000DE5D2;
			remoteInfo = Three20UINavigator;
		};
		320CC833B8AF0ACFD35E6222 /* PBXContainerItemProxy */ = {
			isa = PBXContainerItemProxy;
			containerPortal = 320CC833B8AF0ACFD35E6220 /* Three20Style.xcodeproj */;
			proxyType = 1;
			remoteGlobalIDString = BEF31F390F352DF5000DE5D2;
			remoteInfo = Three20Style;
		};
		320CC833B8AF0ACFD35E6226 /* PBXContainerItemProxy */ = {
			isa = PBXContainerItemProxy;
			containerPortal = 320CC833B8AF0ACFD35E6220 /* Three20Style.xcodeproj */;
			proxyType = 2;
			remoteGlobalIDString = BEF31F3A0F352DF5000DE5D2;
			remoteInfo = Three20Style;
		};
		320D7DCCE32703ACAB9A45E2 /* PBXContainerItemProxy */ = {
			isa = PBXContainerItemProxy;
			containerPortal = 320D7DCCE32703ACAB9A45E0 /* Three20.xcodeproj */;
			proxyType = 1;
			remoteGlobalIDString = BEF31F390F352DF5000DE5D2;
			remoteInfo = Three20;
		};
		320D7DCCE32703ACAB9A45E6 /* PBXContainerItemProxy */ = {
			isa = PBXContainerItemProxy;
			containerPortal = 320D7DCCE32703ACAB9A45E0 /* Three20.xcodeproj */;
			proxyType = 2;
			remoteGlobalIDString = BEF31F3A0F352DF5000DE5D2;
			remoteInfo = Three20;
		};
		320F2C48872C2E2C4DF86202 /* PBXContainerItemProxy */ = {
			isa = PBXContainerItemProxy;
			containerPortal = 320F2C48872C2E2C4DF86200 /* Three20UI.xcodeproj */;
			proxyType = 1;
			remoteGlobalIDString = BEF31F390F352DF5000DE5D2;
			remoteInfo = Three20UI;
		};
		320F2C48872C2E2C4DF86206 /* PBXContainerItemProxy */ = {
			isa = PBXContainerItemProxy;
			containerPortal = 320F2C48872C2E2C4DF86200 /* Three20UI.xcodeproj */;
			proxyType = 2;
			remoteGlobalIDString = BEF31F3A0F352DF5000DE5D2;
			remoteInfo = Three20UI;
		};
		49971A4F15A2DA0200AF6496 /* PBXContainerItemProxy */ = {
			isa = PBXContainerItemProxy;
			containerPortal = 49971A1215A2DA0100AF6496 /* Project object */;
			proxyType = 1;
			remoteGlobalIDString = 49971A1A15A2DA0100AF6496;
			remoteInfo = MyAwayDay;
		};
		49A7E1AA15A31E8500B69197 /* PBXContainerItemProxy */ = {
			isa = PBXContainerItemProxy;
			containerPortal = 320D7DCCE32703ACAB9A45E0 /* Three20.xcodeproj */;
			proxyType = 2;
			remoteGlobalIDString = EB9E6C6210B6A8F800DE563C;
			remoteInfo = Three20UnitTests;
		};
		49A7E1AD15A31E8500B69197 /* PBXContainerItemProxy */ = {
			isa = PBXContainerItemProxy;
			containerPortal = 320A2827FEC940B25BC42C60 /* Three20Core.xcodeproj */;
			proxyType = 2;
			remoteGlobalIDString = EB9E6C6210B6A8F800DE563C;
			remoteInfo = Three20CoreUnitTests;
		};
		49A7E1B015A31E8500B69197 /* PBXContainerItemProxy */ = {
			isa = PBXContainerItemProxy;
			containerPortal = 320A5A189C235877202780D0 /* Three20Network.xcodeproj */;
			proxyType = 2;
			remoteGlobalIDString = EB9E6C6210B6A8F800DE563C;
			remoteInfo = Three20NetworkUnitTests;
		};
		49A7E1B315A31E8500B69197 /* PBXContainerItemProxy */ = {
			isa = PBXContainerItemProxy;
			containerPortal = 320CC833B8AF0ACFD35E6220 /* Three20Style.xcodeproj */;
			proxyType = 2;
			remoteGlobalIDString = EB9E6C6210B6A8F800DE563C;
			remoteInfo = Three20StyleUnitTests;
		};
		49A7E1B615A31E8500B69197 /* PBXContainerItemProxy */ = {
			isa = PBXContainerItemProxy;
			containerPortal = 320F2C48872C2E2C4DF86200 /* Three20UI.xcodeproj */;
			proxyType = 2;
			remoteGlobalIDString = EB9E6C6210B6A8F800DE563C;
			remoteInfo = Three20UIUnitTests;
		};
		49A7E1B915A31E8500B69197 /* PBXContainerItemProxy */ = {
			isa = PBXContainerItemProxy;
			containerPortal = 3201088596B4756681693700 /* Three20UICommon.xcodeproj */;
			proxyType = 2;
			remoteGlobalIDString = EB9E6C6210B6A8F800DE563C;
			remoteInfo = Three20UICommonUnitTests;
		};
		49A7E1BC15A31E8500B69197 /* PBXContainerItemProxy */ = {
			isa = PBXContainerItemProxy;
			containerPortal = 320A737074758E53BA54BE90 /* Three20UINavigator.xcodeproj */;
			proxyType = 2;
			remoteGlobalIDString = EB9E6C6210B6A8F800DE563C;
			remoteInfo = Three20UINavigatorUnitTests;
		};
/* End PBXContainerItemProxy section */

/* Begin PBXFileReference section */
		3201088596B4756681693700 /* Three20UICommon.xcodeproj */ = {isa = PBXFileReference; lastKnownFileType = "wrapper.pb-project"; name = Three20UICommon.xcodeproj; path = three20/src/Three20UICommon/Three20UICommon.xcodeproj; sourceTree = SOURCE_ROOT; };
		320A2827FEC940B25BC42C60 /* Three20Core.xcodeproj */ = {isa = PBXFileReference; lastKnownFileType = "wrapper.pb-project"; name = Three20Core.xcodeproj; path = three20/src/Three20Core/Three20Core.xcodeproj; sourceTree = SOURCE_ROOT; };
		320A5A189C235877202780D0 /* Three20Network.xcodeproj */ = {isa = PBXFileReference; lastKnownFileType = "wrapper.pb-project"; name = Three20Network.xcodeproj; path = three20/src/Three20Network/Three20Network.xcodeproj; sourceTree = SOURCE_ROOT; };
		320A737074758E53BA54BE90 /* Three20UINavigator.xcodeproj */ = {isa = PBXFileReference; lastKnownFileType = "wrapper.pb-project"; name = Three20UINavigator.xcodeproj; path = three20/src/Three20UINavigator/Three20UINavigator.xcodeproj; sourceTree = SOURCE_ROOT; };
		320AF8492C47A4D819F7C450 /* QuartzCore.framework */ = {isa = PBXFileReference; lastKnownFileType = wrapper.frameworks; name = QuartzCore.framework; path = System/Library/Frameworks/QuartzCore.framework; sourceTree = SDKROOT; };
		320B6C86F11D9990244A9730 /* Three20.bundle */ = {isa = PBXFileReference; lastKnownFileType = "wrapper.plug-in"; name = Three20.bundle; path = three20/src/Three20.bundle; sourceTree = SOURCE_ROOT; };
		320CC833B8AF0ACFD35E6220 /* Three20Style.xcodeproj */ = {isa = PBXFileReference; lastKnownFileType = "wrapper.pb-project"; name = Three20Style.xcodeproj; path = three20/src/Three20Style/Three20Style.xcodeproj; sourceTree = SOURCE_ROOT; };
		320D7DCCE32703ACAB9A45E0 /* Three20.xcodeproj */ = {isa = PBXFileReference; lastKnownFileType = "wrapper.pb-project"; name = Three20.xcodeproj; path = three20/src/Three20/Three20.xcodeproj; sourceTree = SOURCE_ROOT; };
		320F2C48872C2E2C4DF86200 /* Three20UI.xcodeproj */ = {isa = PBXFileReference; lastKnownFileType = "wrapper.pb-project"; name = Three20UI.xcodeproj; path = three20/src/Three20UI/Three20UI.xcodeproj; sourceTree = SOURCE_ROOT; };
		4921A4DD15A2DEAF0006F75F /* assets */ = {isa = PBXFileReference; lastKnownFileType = folder; path = assets; sourceTree = "<group>"; };
		4921A4DF15A300A90006F75F /* Icon.png */ = {isa = PBXFileReference; lastKnownFileType = image.png; path = Icon.png; sourceTree = "<group>"; };
		4921A4E015A300A90006F75F /* Icon@2x.png */ = {isa = PBXFileReference; lastKnownFileType = image.png; path = "Icon@2x.png"; sourceTree = "<group>"; };
		494F54EE15A4052F0028B499 /* AwayDayHotelViewController.h */ = {isa = PBXFileReference; fileEncoding = 4; lastKnownFileType = sourcecode.c.h; path = AwayDayHotelViewController.h; sourceTree = "<group>"; };
		494F54EF15A4052F0028B499 /* AwayDayHotelViewController.m */ = {isa = PBXFileReference; fileEncoding = 4; lastKnownFileType = sourcecode.c.objc; path = AwayDayHotelViewController.m; sourceTree = "<group>"; };
		494F558C15A5E2D70028B499 /* iAd.framework */ = {isa = PBXFileReference; lastKnownFileType = wrapper.framework; name = iAd.framework; path = System/Library/Frameworks/iAd.framework; sourceTree = SDKROOT; };
		494F558E15A7EEDB0028B499 /* Photo.h */ = {isa = PBXFileReference; fileEncoding = 4; lastKnownFileType = sourcecode.c.h; path = Photo.h; sourceTree = "<group>"; };
		494F558F15A7EEDC0028B499 /* Photo.m */ = {isa = PBXFileReference; fileEncoding = 4; lastKnownFileType = sourcecode.c.objc; path = Photo.m; sourceTree = "<group>"; };
		49971A1B15A2DA0100AF6496 /* MyAwayDay.app */ = {isa = PBXFileReference; explicitFileType = wrapper.application; includeInIndex = 0; path = MyAwayDay.app; sourceTree = BUILT_PRODUCTS_DIR; };
		49971A1F15A2DA0200AF6496 /* UIKit.framework */ = {isa = PBXFileReference; lastKnownFileType = wrapper.framework; name = UIKit.framework; path = System/Library/Frameworks/UIKit.framework; sourceTree = SDKROOT; };
		49971A2115A2DA0200AF6496 /* Foundation.framework */ = {isa = PBXFileReference; lastKnownFileType = wrapper.framework; name = Foundation.framework; path = System/Library/Frameworks/Foundation.framework; sourceTree = SDKROOT; };
		49971A2315A2DA0200AF6496 /* CoreGraphics.framework */ = {isa = PBXFileReference; lastKnownFileType = wrapper.framework; name = CoreGraphics.framework; path = System/Library/Frameworks/CoreGraphics.framework; sourceTree = SDKROOT; };
		49971A2715A2DA0200AF6496 /* MyAwayDay-Info.plist */ = {isa = PBXFileReference; lastKnownFileType = text.plist.xml; path = "MyAwayDay-Info.plist"; sourceTree = "<group>"; };
		49971A2915A2DA0200AF6496 /* en */ = {isa = PBXFileReference; lastKnownFileType = text.plist.strings; name = en; path = en.lproj/InfoPlist.strings; sourceTree = "<group>"; };
		49971A2B15A2DA0200AF6496 /* main.m */ = {isa = PBXFileReference; lastKnownFileType = sourcecode.c.objc; path = main.m; sourceTree = "<group>"; };
		49971A2D15A2DA0200AF6496 /* MyAwayDay-Prefix.pch */ = {isa = PBXFileReference; lastKnownFileType = sourcecode.c.h; path = "MyAwayDay-Prefix.pch"; sourceTree = "<group>"; };
		49971A2E15A2DA0200AF6496 /* AwayDayAppDelegate.h */ = {isa = PBXFileReference; lastKnownFileType = sourcecode.c.h; path = AwayDayAppDelegate.h; sourceTree = "<group>"; };
		49971A2F15A2DA0200AF6496 /* AwayDayAppDelegate.m */ = {isa = PBXFileReference; lastKnownFileType = sourcecode.c.objc; path = AwayDayAppDelegate.m; sourceTree = "<group>"; };
		49971A3115A2DA0200AF6496 /* AwayDayAgendaViewController.h */ = {isa = PBXFileReference; lastKnownFileType = sourcecode.c.h; path = AwayDayAgendaViewController.h; sourceTree = "<group>"; };
		49971A3215A2DA0200AF6496 /* AwayDayAgendaViewController.m */ = {isa = PBXFileReference; lastKnownFileType = sourcecode.c.objc; path = AwayDayAgendaViewController.m; sourceTree = "<group>"; };
		49971A3815A2DA0200AF6496 /* AwayDayLocationsViewController.h */ = {isa = PBXFileReference; lastKnownFileType = sourcecode.c.h; path = AwayDayLocationsViewController.h; sourceTree = "<group>"; };
		49971A3915A2DA0200AF6496 /* AwayDayLocationsViewController.m */ = {isa = PBXFileReference; lastKnownFileType = sourcecode.c.objc; path = AwayDayLocationsViewController.m; sourceTree = "<group>"; };
		49971A4015A2DA0200AF6496 /* en */ = {isa = PBXFileReference; lastKnownFileType = file.xib; name = en; path = en.lproj/AwayDayAgendaViewController.xib; sourceTree = "<group>"; };
		49971A4315A2DA0200AF6496 /* en */ = {isa = PBXFileReference; lastKnownFileType = file.xib; name = en; path = en.lproj/AwayDayLocationsViewController.xib; sourceTree = "<group>"; };
		49971A4A15A2DA0200AF6496 /* MyAwayDayTests.octest */ = {isa = PBXFileReference; explicitFileType = wrapper.cfbundle; includeInIndex = 0; path = MyAwayDayTests.octest; sourceTree = BUILT_PRODUCTS_DIR; };
		49971A4B15A2DA0200AF6496 /* SenTestingKit.framework */ = {isa = PBXFileReference; lastKnownFileType = wrapper.framework; name = SenTestingKit.framework; path = Library/Frameworks/SenTestingKit.framework; sourceTree = DEVELOPER_DIR; };
		49971A5315A2DA0200AF6496 /* MyAwayDayTests-Info.plist */ = {isa = PBXFileReference; lastKnownFileType = text.plist.xml; path = "MyAwayDayTests-Info.plist"; sourceTree = "<group>"; };
		49971A5515A2DA0200AF6496 /* en */ = {isa = PBXFileReference; lastKnownFileType = text.plist.strings; name = en; path = en.lproj/InfoPlist.strings; sourceTree = "<group>"; };
		49971A5715A2DA0200AF6496 /* MyAwayDayTests.h */ = {isa = PBXFileReference; lastKnownFileType = sourcecode.c.h; path = MyAwayDayTests.h; sourceTree = "<group>"; };
		49971A5815A2DA0200AF6496 /* MyAwayDayTests.m */ = {isa = PBXFileReference; lastKnownFileType = sourcecode.c.objc; path = MyAwayDayTests.m; sourceTree = "<group>"; };
		49A7E10C15A30DC500B69197 /* MapKit.framework */ = {isa = PBXFileReference; lastKnownFileType = wrapper.framework; name = MapKit.framework; path = System/Library/Frameworks/MapKit.framework; sourceTree = SDKROOT; };
		49A7E10F15A3136000B69197 /* MapAnnotation.h */ = {isa = PBXFileReference; fileEncoding = 4; lastKnownFileType = sourcecode.c.h; path = MapAnnotation.h; sourceTree = "<group>"; };
		49A7E11015A3136000B69197 /* MapAnnotation.m */ = {isa = PBXFileReference; fileEncoding = 4; lastKnownFileType = sourcecode.c.objc; path = MapAnnotation.m; sourceTree = "<group>"; };
		49A7E1D015A323DC00B69197 /* PhotoSet.h */ = {isa = PBXFileReference; fileEncoding = 4; lastKnownFileType = sourcecode.c.h; path = PhotoSet.h; sourceTree = "<group>"; };
		49A7E1D115A323DC00B69197 /* PhotoSet.m */ = {isa = PBXFileReference; fileEncoding = 4; lastKnownFileType = sourcecode.c.objc; path = PhotoSet.m; sourceTree = "<group>"; };
		49A7E1E315A325AA00B69197 /* PhotoViewController.h */ = {isa = PBXFileReference; fileEncoding = 4; lastKnownFileType = sourcecode.c.h; path = PhotoViewController.h; sourceTree = "<group>"; };
		49A7E1E415A325AA00B69197 /* PhotoViewController.m */ = {isa = PBXFileReference; fileEncoding = 4; lastKnownFileType = sourcecode.c.objc; path = PhotoViewController.m; sourceTree = "<group>"; };
		49B9A07A15AB20C1001DF265 /* photo@2x.png */ = {isa = PBXFileReference; lastKnownFileType = image.png; path = "photo@2x.png"; sourceTree = "<group>"; };
		49B9A07E15AB20DD001DF265 /* photo.png */ = {isa = PBXFileReference; lastKnownFileType = image.png; path = photo.png; sourceTree = "<group>"; };
		49B9A08015AB2148001DF265 /* flag.png */ = {isa = PBXFileReference; lastKnownFileType = image.png; path = flag.png; sourceTree = "<group>"; };
		49B9A08115AB2148001DF265 /* flag@2x.png */ = {isa = PBXFileReference; lastKnownFileType = image.png; path = "flag@2x.png"; sourceTree = "<group>"; };
		49B9A08415AB2242001DF265 /* paper_plane.png */ = {isa = PBXFileReference; lastKnownFileType = image.png; path = paper_plane.png; sourceTree = "<group>"; };
		49B9A08515AB2242001DF265 /* paper_plane@2x.png */ = {isa = PBXFileReference; lastKnownFileType = image.png; path = "paper_plane@2x.png"; sourceTree = "<group>"; };
/* End PBXFileReference section */

/* Begin PBXFrameworksBuildPhase section */
		49971A1815A2DA0100AF6496 /* Frameworks */ = {
			isa = PBXFrameworksBuildPhase;
			buildActionMask = 2147483647;
			files = (
				494F558D15A5E2D70028B499 /* iAd.framework in Frameworks */,
				3201088596B4756681693705 /* libThree20UICommon.a in Frameworks */,
				320D7DCCE32703ACAB9A45E5 /* libThree20.a in Frameworks */,
				320A737074758E53BA54BE95 /* libThree20UINavigator.a in Frameworks */,
				320A2827FEC940B25BC42C65 /* libThree20Core.a in Frameworks */,
				320F2C48872C2E2C4DF86205 /* libThree20UI.a in Frameworks */,
				320AF8492C47A4D819F7C451 /* QuartzCore.framework in Frameworks */,
				320A5A189C235877202780D5 /* libThree20Network.a in Frameworks */,
				320CC833B8AF0ACFD35E6225 /* libThree20Style.a in Frameworks */,
				49A7E10D15A30DC500B69197 /* MapKit.framework in Frameworks */,
				49971A2015A2DA0200AF6496 /* UIKit.framework in Frameworks */,
				49971A2215A2DA0200AF6496 /* Foundation.framework in Frameworks */,
				49971A2415A2DA0200AF6496 /* CoreGraphics.framework in Frameworks */,
			);
			runOnlyForDeploymentPostprocessing = 0;
		};
		49971A4615A2DA0200AF6496 /* Frameworks */ = {
			isa = PBXFrameworksBuildPhase;
			buildActionMask = 2147483647;
			files = (
				49971A4C15A2DA0200AF6496 /* SenTestingKit.framework in Frameworks */,
				49971A4D15A2DA0200AF6496 /* UIKit.framework in Frameworks */,
				49971A4E15A2DA0200AF6496 /* Foundation.framework in Frameworks */,
			);
			runOnlyForDeploymentPostprocessing = 0;
		};
/* End PBXFrameworksBuildPhase section */

/* Begin PBXGroup section */
		3201088596B4756681693703 /* Products */ = {
			isa = PBXGroup;
			children = (
				3201088596B4756681693704 /* libThree20UICommon.a */,
				49A7E1BA15A31E8500B69197 /* UICommonUnitTests.octest */,
			);
			name = Products;
			sourceTree = "<group>";
		};
		320A2827FEC940B25BC42C63 /* Products */ = {
			isa = PBXGroup;
			children = (
				320A2827FEC940B25BC42C64 /* libThree20Core.a */,
				49A7E1AE15A31E8500B69197 /* CoreUnitTests.octest */,
			);
			name = Products;
			sourceTree = "<group>";
		};
		320A5A189C235877202780D3 /* Products */ = {
			isa = PBXGroup;
			children = (
				320A5A189C235877202780D4 /* libThree20Network.a */,
				49A7E1B115A31E8500B69197 /* NetworkUnitTests.octest */,
			);
			name = Products;
			sourceTree = "<group>";
		};
		320A737074758E53BA54BE93 /* Products */ = {
			isa = PBXGroup;
			children = (
				320A737074758E53BA54BE94 /* libThree20UINavigator.a */,
				49A7E1BD15A31E8500B69197 /* UINavigatorUnitTests.octest */,
			);
			name = Products;
			sourceTree = "<group>";
		};
		320CC833B8AF0ACFD35E6223 /* Products */ = {
			isa = PBXGroup;
			children = (
				320CC833B8AF0ACFD35E6224 /* libThree20Style.a */,
				49A7E1B415A31E8500B69197 /* StyleUnitTests.octest */,
			);
			name = Products;
			sourceTree = "<group>";
		};
		320D7DCCE32703ACAB9A45E3 /* Products */ = {
			isa = PBXGroup;
			children = (
				320D7DCCE32703ACAB9A45E4 /* libThree20.a */,
				49A7E1AB15A31E8500B69197 /* Three20UnitTests.octest */,
			);
			name = Products;
			sourceTree = "<group>";
		};
		320F2C48872C2E2C4DF86203 /* Products */ = {
			isa = PBXGroup;
			children = (
				320F2C48872C2E2C4DF86204 /* libThree20UI.a */,
				49A7E1B715A31E8500B69197 /* UIUnitTests.octest */,
			);
			name = Products;
			sourceTree = "<group>";
		};
		49971A1015A2DA0100AF6496 = {
			isa = PBXGroup;
			children = (
				49971A1E15A2DA0100AF6496 /* Frameworks */,
				49971A2515A2DA0200AF6496 /* MyAwayDay */,
				49971A5115A2DA0200AF6496 /* MyAwayDayTests */,
				49971A1C15A2DA0100AF6496 /* Products */,
			);
			sourceTree = "<group>";
		};
		49971A1C15A2DA0100AF6496 /* Products */ = {
			isa = PBXGroup;
			children = (
				49971A1B15A2DA0100AF6496 /* MyAwayDay.app */,
				49971A4A15A2DA0200AF6496 /* MyAwayDayTests.octest */,
			);
			name = Products;
			sourceTree = "<group>";
		};
		49971A1E15A2DA0100AF6496 /* Frameworks */ = {
			isa = PBXGroup;
			children = (
				494F558C15A5E2D70028B499 /* iAd.framework */,
				3201088596B4756681693700 /* Three20UICommon.xcodeproj */,
				320D7DCCE32703ACAB9A45E0 /* Three20.xcodeproj */,
				320A737074758E53BA54BE90 /* Three20UINavigator.xcodeproj */,
				320A2827FEC940B25BC42C60 /* Three20Core.xcodeproj */,
				320F2C48872C2E2C4DF86200 /* Three20UI.xcodeproj */,
				320AF8492C47A4D819F7C450 /* QuartzCore.framework */,
				320A5A189C235877202780D0 /* Three20Network.xcodeproj */,
				320CC833B8AF0ACFD35E6220 /* Three20Style.xcodeproj */,
				49A7E10C15A30DC500B69197 /* MapKit.framework */,
				49971A1F15A2DA0200AF6496 /* UIKit.framework */,
				49971A2115A2DA0200AF6496 /* Foundation.framework */,
				49971A2315A2DA0200AF6496 /* CoreGraphics.framework */,
				49971A4B15A2DA0200AF6496 /* SenTestingKit.framework */,
			);
			name = Frameworks;
			sourceTree = "<group>";
		};
		49971A2515A2DA0200AF6496 /* MyAwayDay */ = {
			isa = PBXGroup;
			children = (
				49971A2E15A2DA0200AF6496 /* AwayDayAppDelegate.h */,
				49971A2F15A2DA0200AF6496 /* AwayDayAppDelegate.m */,
				49A7E1CC15A322A300B69197 /* Hotel */,
				49A7E1CB15A321F400B69197 /* Agenda */,
				49A7E1CA15A321E500B69197 /* Locations */,
				49971A2615A2DA0200AF6496 /* Supporting Files */,
			);
			path = MyAwayDay;
			sourceTree = "<group>";
		};
		49971A2615A2DA0200AF6496 /* Supporting Files */ = {
			isa = PBXGroup;
			children = (
				320B6C86F11D9990244A9730 /* Three20.bundle */,
				4921A4DD15A2DEAF0006F75F /* assets */,
				49971A6215A2DBE000AF6496 /* Icons */,
				49971A2715A2DA0200AF6496 /* MyAwayDay-Info.plist */,
				49971A2815A2DA0200AF6496 /* InfoPlist.strings */,
				49971A2B15A2DA0200AF6496 /* main.m */,
				49971A2D15A2DA0200AF6496 /* MyAwayDay-Prefix.pch */,
			);
			name = "Supporting Files";
			sourceTree = "<group>";
		};
		49971A5115A2DA0200AF6496 /* MyAwayDayTests */ = {
			isa = PBXGroup;
			children = (
				49971A5715A2DA0200AF6496 /* MyAwayDayTests.h */,
				49971A5815A2DA0200AF6496 /* MyAwayDayTests.m */,
				49971A5215A2DA0200AF6496 /* Supporting Files */,
			);
			path = MyAwayDayTests;
			sourceTree = "<group>";
		};
		49971A5215A2DA0200AF6496 /* Supporting Files */ = {
			isa = PBXGroup;
			children = (
				49971A5315A2DA0200AF6496 /* MyAwayDayTests-Info.plist */,
				49971A5415A2DA0200AF6496 /* InfoPlist.strings */,
			);
			name = "Supporting Files";
			sourceTree = "<group>";
		};
		49971A6215A2DBE000AF6496 /* Icons */ = {
			isa = PBXGroup;
			children = (
				49B9A08415AB2242001DF265 /* paper_plane.png */,
				49B9A08515AB2242001DF265 /* paper_plane@2x.png */,
				49B9A08015AB2148001DF265 /* flag.png */,
				49B9A08115AB2148001DF265 /* flag@2x.png */,
				49B9A07E15AB20DD001DF265 /* photo.png */,
				49B9A07A15AB20C1001DF265 /* photo@2x.png */,
				4921A4DF15A300A90006F75F /* Icon.png */,
				4921A4E015A300A90006F75F /* Icon@2x.png */,
			);
			name = Icons;
			sourceTree = "<group>";
		};
		49A7E1CA15A321E500B69197 /* Locations */ = {
			isa = PBXGroup;
			children = (
				49971A4215A2DA0200AF6496 /* AwayDayLocationsViewController.xib */,
				49971A3815A2DA0200AF6496 /* AwayDayLocationsViewController.h */,
				49971A3915A2DA0200AF6496 /* AwayDayLocationsViewController.m */,
				49A7E10F15A3136000B69197 /* MapAnnotation.h */,
				49A7E11015A3136000B69197 /* MapAnnotation.m */,
			);
			name = Locations;
			sourceTree = "<group>";
		};
		49A7E1CB15A321F400B69197 /* Agenda */ = {
			isa = PBXGroup;
			children = (
				49971A3F15A2DA0200AF6496 /* AwayDayAgendaViewController.xib */,
				49971A3115A2DA0200AF6496 /* AwayDayAgendaViewController.h */,
				49971A3215A2DA0200AF6496 /* AwayDayAgendaViewController.m */,
			);
			name = Agenda;
			sourceTree = "<group>";
		};
		49A7E1CC15A322A300B69197 /* Hotel */ = {
			isa = PBXGroup;
			children = (
				494F558E15A7EEDB0028B499 /* Photo.h */,
				494F558F15A7EEDC0028B499 /* Photo.m */,
				49A7E1D015A323DC00B69197 /* PhotoSet.h */,
				49A7E1D115A323DC00B69197 /* PhotoSet.m */,
				49A7E1E315A325AA00B69197 /* PhotoViewController.h */,
				49A7E1E415A325AA00B69197 /* PhotoViewController.m */,
				494F54EE15A4052F0028B499 /* AwayDayHotelViewController.h */,
				494F54EF15A4052F0028B499 /* AwayDayHotelViewController.m */,
			);
			name = Hotel;
			sourceTree = "<group>";
		};
/* End PBXGroup section */

/* Begin PBXNativeTarget section */
		49971A1A15A2DA0100AF6496 /* MyAwayDay */ = {
			isa = PBXNativeTarget;
			buildConfigurationList = 49971A5C15A2DA0200AF6496 /* Build configuration list for PBXNativeTarget "MyAwayDay" */;
			buildPhases = (
				49971A1715A2DA0100AF6496 /* Sources */,
				49971A1815A2DA0100AF6496 /* Frameworks */,
				49971A1915A2DA0100AF6496 /* Resources */,
			);
			buildRules = (
			);
			dependencies = (
				3201088596B4756681693701 /* PBXTargetDependency */,
				320D7DCCE32703ACAB9A45E1 /* PBXTargetDependency */,
				320A737074758E53BA54BE91 /* PBXTargetDependency */,
				320A2827FEC940B25BC42C61 /* PBXTargetDependency */,
				320F2C48872C2E2C4DF86201 /* PBXTargetDependency */,
				320A5A189C235877202780D1 /* PBXTargetDependency */,
				320CC833B8AF0ACFD35E6221 /* PBXTargetDependency */,
			);
			name = MyAwayDay;
			productName = MyAwayDay;
			productReference = 49971A1B15A2DA0100AF6496 /* MyAwayDay.app */;
			productType = "com.apple.product-type.application";
		};
		49971A4915A2DA0200AF6496 /* MyAwayDayTests */ = {
			isa = PBXNativeTarget;
			buildConfigurationList = 49971A5F15A2DA0200AF6496 /* Build configuration list for PBXNativeTarget "MyAwayDayTests" */;
			buildPhases = (
				49971A4515A2DA0200AF6496 /* Sources */,
				49971A4615A2DA0200AF6496 /* Frameworks */,
				49971A4715A2DA0200AF6496 /* Resources */,
				49971A4815A2DA0200AF6496 /* ShellScript */,
			);
			buildRules = (
			);
			dependencies = (
				49971A5015A2DA0200AF6496 /* PBXTargetDependency */,
			);
			name = MyAwayDayTests;
			productName = MyAwayDayTests;
			productReference = 49971A4A15A2DA0200AF6496 /* MyAwayDayTests.octest */;
			productType = "com.apple.product-type.bundle";
		};
/* End PBXNativeTarget section */

/* Begin PBXProject section */
		49971A1215A2DA0100AF6496 /* Project object */ = {
			isa = PBXProject;
			attributes = {
				CLASSPREFIX = AwayDay;
				LastUpgradeCheck = 0430;
			};
			buildConfigurationList = 49971A1515A2DA0100AF6496 /* Build configuration list for PBXProject "MyAwayDay" */;
			compatibilityVersion = "Xcode 3.2";
			developmentRegion = English;
			hasScannedForEncodings = 0;
			knownRegions = (
				en,
			);
			mainGroup = 49971A1015A2DA0100AF6496;
			productRefGroup = 49971A1C15A2DA0100AF6496 /* Products */;
			projectDirPath = "";
			projectReferences = (
				{
					ProductGroup = 320D7DCCE32703ACAB9A45E3 /* Products */;
					ProjectRef = 320D7DCCE32703ACAB9A45E0 /* Three20.xcodeproj */;
				},
				{
					ProductGroup = 320A2827FEC940B25BC42C63 /* Products */;
					ProjectRef = 320A2827FEC940B25BC42C60 /* Three20Core.xcodeproj */;
				},
				{
					ProductGroup = 320A5A189C235877202780D3 /* Products */;
					ProjectRef = 320A5A189C235877202780D0 /* Three20Network.xcodeproj */;
				},
				{
					ProductGroup = 320CC833B8AF0ACFD35E6223 /* Products */;
					ProjectRef = 320CC833B8AF0ACFD35E6220 /* Three20Style.xcodeproj */;
				},
				{
					ProductGroup = 320F2C48872C2E2C4DF86203 /* Products */;
					ProjectRef = 320F2C48872C2E2C4DF86200 /* Three20UI.xcodeproj */;
				},
				{
					ProductGroup = 3201088596B4756681693703 /* Products */;
					ProjectRef = 3201088596B4756681693700 /* Three20UICommon.xcodeproj */;
				},
				{
					ProductGroup = 320A737074758E53BA54BE93 /* Products */;
					ProjectRef = 320A737074758E53BA54BE90 /* Three20UINavigator.xcodeproj */;
				},
			);
			projectRoot = "";
			targets = (
				49971A1A15A2DA0100AF6496 /* MyAwayDay */,
				49971A4915A2DA0200AF6496 /* MyAwayDayTests */,
			);
		};
/* End PBXProject section */

/* Begin PBXReferenceProxy section */
		3201088596B4756681693704 /* libThree20UICommon.a */ = {
			isa = PBXReferenceProxy;
			fileType = archive.ar;
			path = libThree20UICommon.a;
			remoteRef = 3201088596B4756681693706 /* PBXContainerItemProxy */;
			sourceTree = BUILT_PRODUCTS_DIR;
		};
		320A2827FEC940B25BC42C64 /* libThree20Core.a */ = {
			isa = PBXReferenceProxy;
			fileType = archive.ar;
			path = libThree20Core.a;
			remoteRef = 320A2827FEC940B25BC42C66 /* PBXContainerItemProxy */;
			sourceTree = BUILT_PRODUCTS_DIR;
		};
		320A5A189C235877202780D4 /* libThree20Network.a */ = {
			isa = PBXReferenceProxy;
			fileType = archive.ar;
			path = libThree20Network.a;
			remoteRef = 320A5A189C235877202780D6 /* PBXContainerItemProxy */;
			sourceTree = BUILT_PRODUCTS_DIR;
		};
		320A737074758E53BA54BE94 /* libThree20UINavigator.a */ = {
			isa = PBXReferenceProxy;
			fileType = archive.ar;
			path = libThree20UINavigator.a;
			remoteRef = 320A737074758E53BA54BE96 /* PBXContainerItemProxy */;
			sourceTree = BUILT_PRODUCTS_DIR;
		};
		320CC833B8AF0ACFD35E6224 /* libThree20Style.a */ = {
			isa = PBXReferenceProxy;
			fileType = archive.ar;
			path = libThree20Style.a;
			remoteRef = 320CC833B8AF0ACFD35E6226 /* PBXContainerItemProxy */;
			sourceTree = BUILT_PRODUCTS_DIR;
		};
		320D7DCCE32703ACAB9A45E4 /* libThree20.a */ = {
			isa = PBXReferenceProxy;
			fileType = archive.ar;
			path = libThree20.a;
			remoteRef = 320D7DCCE32703ACAB9A45E6 /* PBXContainerItemProxy */;
			sourceTree = BUILT_PRODUCTS_DIR;
		};
		320F2C48872C2E2C4DF86204 /* libThree20UI.a */ = {
			isa = PBXReferenceProxy;
			fileType = archive.ar;
			path = libThree20UI.a;
			remoteRef = 320F2C48872C2E2C4DF86206 /* PBXContainerItemProxy */;
			sourceTree = BUILT_PRODUCTS_DIR;
		};
		49A7E1AB15A31E8500B69197 /* Three20UnitTests.octest */ = {
			isa = PBXReferenceProxy;
			fileType = wrapper.cfbundle;
			path = Three20UnitTests.octest;
			remoteRef = 49A7E1AA15A31E8500B69197 /* PBXContainerItemProxy */;
			sourceTree = BUILT_PRODUCTS_DIR;
		};
		49A7E1AE15A31E8500B69197 /* CoreUnitTests.octest */ = {
			isa = PBXReferenceProxy;
			fileType = wrapper.cfbundle;
			path = CoreUnitTests.octest;
			remoteRef = 49A7E1AD15A31E8500B69197 /* PBXContainerItemProxy */;
			sourceTree = BUILT_PRODUCTS_DIR;
		};
		49A7E1B115A31E8500B69197 /* NetworkUnitTests.octest */ = {
			isa = PBXReferenceProxy;
			fileType = wrapper.cfbundle;
			path = NetworkUnitTests.octest;
			remoteRef = 49A7E1B015A31E8500B69197 /* PBXContainerItemProxy */;
			sourceTree = BUILT_PRODUCTS_DIR;
		};
		49A7E1B415A31E8500B69197 /* StyleUnitTests.octest */ = {
			isa = PBXReferenceProxy;
			fileType = wrapper.cfbundle;
			path = StyleUnitTests.octest;
			remoteRef = 49A7E1B315A31E8500B69197 /* PBXContainerItemProxy */;
			sourceTree = BUILT_PRODUCTS_DIR;
		};
		49A7E1B715A31E8500B69197 /* UIUnitTests.octest */ = {
			isa = PBXReferenceProxy;
			fileType = wrapper.cfbundle;
			path = UIUnitTests.octest;
			remoteRef = 49A7E1B615A31E8500B69197 /* PBXContainerItemProxy */;
			sourceTree = BUILT_PRODUCTS_DIR;
		};
		49A7E1BA15A31E8500B69197 /* UICommonUnitTests.octest */ = {
			isa = PBXReferenceProxy;
			fileType = wrapper.cfbundle;
			path = UICommonUnitTests.octest;
			remoteRef = 49A7E1B915A31E8500B69197 /* PBXContainerItemProxy */;
			sourceTree = BUILT_PRODUCTS_DIR;
		};
		49A7E1BD15A31E8500B69197 /* UINavigatorUnitTests.octest */ = {
			isa = PBXReferenceProxy;
			fileType = wrapper.cfbundle;
			path = UINavigatorUnitTests.octest;
			remoteRef = 49A7E1BC15A31E8500B69197 /* PBXContainerItemProxy */;
			sourceTree = BUILT_PRODUCTS_DIR;
		};
/* End PBXReferenceProxy section */

/* Begin PBXResourcesBuildPhase section */
		49971A1915A2DA0100AF6496 /* Resources */ = {
			isa = PBXResourcesBuildPhase;
			buildActionMask = 2147483647;
			files = (
				320B6C86F11D9990244A9731 /* Three20.bundle in Resources */,
				49971A2A15A2DA0200AF6496 /* InfoPlist.strings in Resources */,
				49971A4115A2DA0200AF6496 /* AwayDayAgendaViewController.xib in Resources */,
				49971A4415A2DA0200AF6496 /* AwayDayLocationsViewController.xib in Resources */,
				4921A4DE15A2DEAF0006F75F /* assets in Resources */,
				4921A4E115A300A90006F75F /* Icon.png in Resources */,
				4921A4E215A300A90006F75F /* Icon@2x.png in Resources */,
				49B9A07C15AB20C1001DF265 /* photo@2x.png in Resources */,
				49B9A07F15AB20DD001DF265 /* photo.png in Resources */,
				49B9A08215AB2148001DF265 /* flag.png in Resources */,
				49B9A08315AB2148001DF265 /* flag@2x.png in Resources */,
				49B9A08615AB2242001DF265 /* paper_plane.png in Resources */,
				49B9A08715AB2242001DF265 /* paper_plane@2x.png in Resources */,
			);
			runOnlyForDeploymentPostprocessing = 0;
		};
		49971A4715A2DA0200AF6496 /* Resources */ = {
			isa = PBXResourcesBuildPhase;
			buildActionMask = 2147483647;
			files = (
				49971A5615A2DA0200AF6496 /* InfoPlist.strings in Resources */,
			);
			runOnlyForDeploymentPostprocessing = 0;
		};
/* End PBXResourcesBuildPhase section */

/* Begin PBXShellScriptBuildPhase section */
		49971A4815A2DA0200AF6496 /* ShellScript */ = {
			isa = PBXShellScriptBuildPhase;
			buildActionMask = 2147483647;
			files = (
			);
			inputPaths = (
			);
			outputPaths = (
			);
			runOnlyForDeploymentPostprocessing = 0;
			shellPath = /bin/sh;
			shellScript = "# Run the unit tests in this test bundle.\n\"${SYSTEM_DEVELOPER_DIR}/Tools/RunUnitTests\"\n";
		};
/* End PBXShellScriptBuildPhase section */

/* Begin PBXSourcesBuildPhase section */
		49971A1715A2DA0100AF6496 /* Sources */ = {
			isa = PBXSourcesBuildPhase;
			buildActionMask = 2147483647;
			files = (
				49971A2C15A2DA0200AF6496 /* main.m in Sources */,
				49971A3015A2DA0200AF6496 /* AwayDayAppDelegate.m in Sources */,
				49971A3315A2DA0200AF6496 /* AwayDayAgendaViewController.m in Sources */,
				49971A3A15A2DA0200AF6496 /* AwayDayLocationsViewController.m in Sources */,
				49A7E11115A3136000B69197 /* MapAnnotation.m in Sources */,
				49A7E1D215A323DC00B69197 /* PhotoSet.m in Sources */,
				49A7E1E515A325AA00B69197 /* PhotoViewController.m in Sources */,
				494F54F015A4052F0028B499 /* AwayDayHotelViewController.m in Sources */,
				494F559015A7EEDC0028B499 /* Photo.m in Sources */,
			);
			runOnlyForDeploymentPostprocessing = 0;
		};
		49971A4515A2DA0200AF6496 /* Sources */ = {
			isa = PBXSourcesBuildPhase;
			buildActionMask = 2147483647;
			files = (
				49971A5915A2DA0200AF6496 /* MyAwayDayTests.m in Sources */,
			);
			runOnlyForDeploymentPostprocessing = 0;
		};
/* End PBXSourcesBuildPhase section */

/* Begin PBXTargetDependency section */
		3201088596B4756681693701 /* PBXTargetDependency */ = {
			isa = PBXTargetDependency;
			name = Three20UICommon;
			targetProxy = 3201088596B4756681693702 /* PBXContainerItemProxy */;
		};
		320A2827FEC940B25BC42C61 /* PBXTargetDependency */ = {
			isa = PBXTargetDependency;
			name = Three20Core;
			targetProxy = 320A2827FEC940B25BC42C62 /* PBXContainerItemProxy */;
		};
		320A5A189C235877202780D1 /* PBXTargetDependency */ = {
			isa = PBXTargetDependency;
			name = Three20Network;
			targetProxy = 320A5A189C235877202780D2 /* PBXContainerItemProxy */;
		};
		320A737074758E53BA54BE91 /* PBXTargetDependency */ = {
			isa = PBXTargetDependency;
			name = Three20UINavigator;
			targetProxy = 320A737074758E53BA54BE92 /* PBXContainerItemProxy */;
		};
		320CC833B8AF0ACFD35E6221 /* PBXTargetDependency */ = {
			isa = PBXTargetDependency;
			name = Three20Style;
			targetProxy = 320CC833B8AF0ACFD35E6222 /* PBXContainerItemProxy */;
		};
		320D7DCCE32703ACAB9A45E1 /* PBXTargetDependency */ = {
			isa = PBXTargetDependency;
			name = Three20;
			targetProxy = 320D7DCCE32703ACAB9A45E2 /* PBXContainerItemProxy */;
		};
		320F2C48872C2E2C4DF86201 /* PBXTargetDependency */ = {
			isa = PBXTargetDependency;
			name = Three20UI;
			targetProxy = 320F2C48872C2E2C4DF86202 /* PBXContainerItemProxy */;
		};
		49971A5015A2DA0200AF6496 /* PBXTargetDependency */ = {
			isa = PBXTargetDependency;
			target = 49971A1A15A2DA0100AF6496 /* MyAwayDay */;
			targetProxy = 49971A4F15A2DA0200AF6496 /* PBXContainerItemProxy */;
		};
/* End PBXTargetDependency section */

/* Begin PBXVariantGroup section */
		49971A2815A2DA0200AF6496 /* InfoPlist.strings */ = {
			isa = PBXVariantGroup;
			children = (
				49971A2915A2DA0200AF6496 /* en */,
			);
			name = InfoPlist.strings;
			sourceTree = "<group>";
		};
		49971A3F15A2DA0200AF6496 /* AwayDayAgendaViewController.xib */ = {
			isa = PBXVariantGroup;
			children = (
				49971A4015A2DA0200AF6496 /* en */,
			);
			name = AwayDayAgendaViewController.xib;
			sourceTree = "<group>";
		};
		49971A4215A2DA0200AF6496 /* AwayDayLocationsViewController.xib */ = {
			isa = PBXVariantGroup;
			children = (
				49971A4315A2DA0200AF6496 /* en */,
			);
			name = AwayDayLocationsViewController.xib;
			sourceTree = "<group>";
		};
		49971A5415A2DA0200AF6496 /* InfoPlist.strings */ = {
			isa = PBXVariantGroup;
			children = (
				49971A5515A2DA0200AF6496 /* en */,
			);
			name = InfoPlist.strings;
			sourceTree = "<group>";
		};
/* End PBXVariantGroup section */

/* Begin XCBuildConfiguration section */
		49971A5A15A2DA0200AF6496 /* Debug */ = {
			isa = XCBuildConfiguration;
			buildSettings = {
				ALWAYS_SEARCH_USER_PATHS = NO;
				ARCHS = "$(ARCHS_STANDARD_32_BIT)";
				"CODE_SIGN_IDENTITY[sdk=iphoneos*]" = "iPhone Developer";
				COPY_PHASE_STRIP = NO;
				GCC_C_LANGUAGE_STANDARD = gnu99;
				GCC_DYNAMIC_NO_PIC = NO;
				GCC_OPTIMIZATION_LEVEL = 0;
				GCC_PREPROCESSOR_DEFINITIONS = (
					"DEBUG=1",
					"$(inherited)",
				);
				GCC_SYMBOLS_PRIVATE_EXTERN = NO;
				GCC_VERSION = com.apple.compilers.llvm.clang.1_0;
				GCC_WARN_ABOUT_RETURN_TYPE = YES;
				GCC_WARN_UNINITIALIZED_AUTOS = YES;
				GCC_WARN_UNUSED_VARIABLE = YES;
				HEADER_SEARCH_PATHS = (
					"$(BUILT_PRODUCTS_DIR)/../three20",
					"$(BUILT_PRODUCTS_DIR)/../../three20",
					three20/Build/Products/three20,
				);
				IPHONEOS_DEPLOYMENT_TARGET = 5.1;
				OTHER_LDFLAGS = "-ObjC";
				SDKROOT = iphoneos;
			};
			name = Debug;
		};
		49971A5B15A2DA0200AF6496 /* Release */ = {
			isa = XCBuildConfiguration;
			buildSettings = {
				ALWAYS_SEARCH_USER_PATHS = NO;
				ARCHS = "$(ARCHS_STANDARD_32_BIT)";
				"CODE_SIGN_IDENTITY[sdk=iphoneos*]" = "iPhone Developer";
				COPY_PHASE_STRIP = YES;
				GCC_C_LANGUAGE_STANDARD = gnu99;
				GCC_VERSION = com.apple.compilers.llvm.clang.1_0;
				GCC_WARN_ABOUT_RETURN_TYPE = YES;
				GCC_WARN_UNINITIALIZED_AUTOS = YES;
				GCC_WARN_UNUSED_VARIABLE = YES;
				HEADER_SEARCH_PATHS = (
					"$(BUILT_PRODUCTS_DIR)/../three20",
					"$(BUILT_PRODUCTS_DIR)/../../three20",
					three20/Build/Products/three20,
				);
				IPHONEOS_DEPLOYMENT_TARGET = 5.1;
				OTHER_CFLAGS = "-DNS_BLOCK_ASSERTIONS=1";
				OTHER_LDFLAGS = "-ObjC";
				SDKROOT = iphoneos;
				VALIDATE_PRODUCT = YES;
			};
			name = Release;
		};
		49971A5D15A2DA0200AF6496 /* Debug */ = {
			isa = XCBuildConfiguration;
			buildSettings = {
				GCC_PRECOMPILE_PREFIX_HEADER = YES;
				GCC_PREFIX_HEADER = "MyAwayDay/MyAwayDay-Prefix.pch";
				INFOPLIST_FILE = "MyAwayDay/MyAwayDay-Info.plist";
				PRODUCT_NAME = "$(TARGET_NAME)";
				WRAPPER_EXTENSION = app;
			};
			name = Debug;
		};
		49971A5E15A2DA0200AF6496 /* Release */ = {
			isa = XCBuildConfiguration;
			buildSettings = {
				GCC_PRECOMPILE_PREFIX_HEADER = YES;
				GCC_PREFIX_HEADER = "MyAwayDay/MyAwayDay-Prefix.pch";
				INFOPLIST_FILE = "MyAwayDay/MyAwayDay-Info.plist";
				PRODUCT_NAME = "$(TARGET_NAME)";
				WRAPPER_EXTENSION = app;
			};
			name = Release;
		};
		49971A6015A2DA0200AF6496 /* Debug */ = {
			isa = XCBuildConfiguration;
			buildSettings = {
				BUNDLE_LOADER = "$(BUILT_PRODUCTS_DIR)/MyAwayDay.app/MyAwayDay";
				FRAMEWORK_SEARCH_PATHS = (
					"$(SDKROOT)/Developer/Library/Frameworks",
					"$(DEVELOPER_LIBRARY_DIR)/Frameworks",
				);
				GCC_PRECOMPILE_PREFIX_HEADER = YES;
				GCC_PREFIX_HEADER = "MyAwayDay/MyAwayDay-Prefix.pch";
				INFOPLIST_FILE = "MyAwayDayTests/MyAwayDayTests-Info.plist";
				PRODUCT_NAME = "$(TARGET_NAME)";
				TEST_HOST = "$(BUNDLE_LOADER)";
				WRAPPER_EXTENSION = octest;
			};
			name = Debug;
		};
		49971A6115A2DA0200AF6496 /* Release */ = {
			isa = XCBuildConfiguration;
			buildSettings = {
				BUNDLE_LOADER = "$(BUILT_PRODUCTS_DIR)/MyAwayDay.app/MyAwayDay";
				FRAMEWORK_SEARCH_PATHS = (
					"$(SDKROOT)/Developer/Library/Frameworks",
					"$(DEVELOPER_LIBRARY_DIR)/Frameworks",
				);
				GCC_PRECOMPILE_PREFIX_HEADER = YES;
				GCC_PREFIX_HEADER = "MyAwayDay/MyAwayDay-Prefix.pch";
				INFOPLIST_FILE = "MyAwayDayTests/MyAwayDayTests-Info.plist";
				PRODUCT_NAME = "$(TARGET_NAME)";
				TEST_HOST = "$(BUNDLE_LOADER)";
				WRAPPER_EXTENSION = octest;
			};
			name = Release;
		};
/* End XCBuildConfiguration section */

/* Begin XCConfigurationList section */
		49971A1515A2DA0100AF6496 /* Build configuration list for PBXProject "MyAwayDay" */ = {
			isa = XCConfigurationList;
			buildConfigurations = (
				49971A5A15A2DA0200AF6496 /* Debug */,
				49971A5B15A2DA0200AF6496 /* Release */,
			);
			defaultConfigurationIsVisible = 0;
			defaultConfigurationName = Release;
		};
		49971A5C15A2DA0200AF6496 /* Build configuration list for PBXNativeTarget "MyAwayDay" */ = {
			isa = XCConfigurationList;
			buildConfigurations = (
				49971A5D15A2DA0200AF6496 /* Debug */,
				49971A5E15A2DA0200AF6496 /* Release */,
			);
			defaultConfigurationIsVisible = 0;
			defaultConfigurationName = Release;
		};
		49971A5F15A2DA0200AF6496 /* Build configuration list for PBXNativeTarget "MyAwayDayTests" */ = {
			isa = XCConfigurationList;
			buildConfigurations = (
				49971A6015A2DA0200AF6496 /* Debug */,
				49971A6115A2DA0200AF6496 /* Release */,
			);
			defaultConfigurationIsVisible = 0;
			defaultConfigurationName = Release;
		};
/* End XCConfigurationList section */
	};
	rootObject = 49971A1215A2DA0100AF6496 /* Project object */;
}
